
Microsoft Visual Studio Solution File, Format Version 12.00
# Visual Studio Version 16
VisualStudioVersion = 16.0.30907.101
MinimumVisualStudioVersion = 10.0.40219.1
Project("{FAE04EC0-301F-11D3-BF4B-00C04F79EFBC}") = "220314", "220314\220314.csproj", "{904DC83A-2D85-40E8-8341-6C1D3D4ACDF7}"
EndProject
Global
	GlobalSection(SolutionConfigurationPlatforms) = preSolution
		Debug|Any CPU = Debug|Any CPU
		Release|Any CPU = Release|Any CPU
	EndGlobalSection
	GlobalSection(ProjectConfigurationPlatforms) = postSolution
		{904DC83A-2D85-40E8-8341-6C1D3D4ACDF7}.Debug|Any CPU.ActiveCfg = Debug|Any CPU
		{904DC83A-2D85-40E8-8341-6C1D3D4ACDF7}.Debug|Any CPU.Build.0 = Debug|Any CPU
		{904DC83A-2D85-40E8-8341-6C1D3D4ACDF7}.Release|Any CPU.ActiveCfg = Release|Any CPU
		{904DC83A-2D85-40E8-8341-6C1D3D4ACDF7}.Release|Any CPU.Build.0 = Release|Any CPU
	EndGlobalSection
	GlobalSection(SolutionProperties) = preSolution
		HideSolutionNode = FALSE
	EndGlobalSection
	GlobalSection(ExtensibilityGlobals) = postSolution
		SolutionGuid = {56A3E8CE-32BB-49AB-9523-1A7499FCB804}
	EndGlobalSection
EndGlobal
